
Microsoft Visual Studio Solution File, Format Version 12.00
# Visual Studio Version 16
VisualStudioVersion = 16.0.32126.315
MinimumVisualStudioVersion = 10.0.40219.1
Project("{FAE04EC0-301F-11D3-BF4B-00C04F79EFBC}") = "ecommerce website", "ecommerce website\ecommerce website.csproj", "{55CCBFAB-101E-4873-A93C-C12E910E40BC}"
EndProject
Global
	GlobalSection(SolutionConfigurationPlatforms) = preSolution
		Debug|Any CPU = Debug|Any CPU
		Release|Any CPU = Release|Any CPU
	EndGlobalSection
	GlobalSection(ProjectConfigurationPlatforms) = postSolution
		{55CCBFAB-101E-4873-A93C-C12E910E40BC}.Debug|Any CPU.ActiveCfg = Debug|Any CPU
		{55CCBFAB-101E-4873-A93C-C12E910E40BC}.Debug|Any CPU.Build.0 = Debug|Any CPU
		{55CCBFAB-101E-4873-A93C-C12E910E40BC}.Release|Any CPU.ActiveCfg = Release|Any CPU
		{55CCBFAB-101E-4873-A93C-C12E910E40BC}.Release|Any CPU.Build.0 = Release|Any CPU
	EndGlobalSection
	GlobalSection(SolutionProperties) = preSolution
		HideSolutionNode = FALSE
	EndGlobalSection
	GlobalSection(ExtensibilityGlobals) = postSolution
		SolutionGuid = {92F57A0A-546A-4782-A7DF-34BA8B2275E7}
	EndGlobalSection
EndGlobal
